
Microsoft Visual Studio Solution File, Format Version 12.00
# Visual Studio Version 16
VisualStudioVersion = 16.0.32228.343
MinimumVisualStudioVersion = 10.0.40219.1
Project("{FAE04EC0-301F-11D3-BF4B-00C04F79EFBC}") = "ObjectOrientedProblems", "ObjectOrientedProblems\ObjectOrientedProblems.csproj", "{8D8268E3-5B1D-4815-8257-37299628630C}"
EndProject
Global
	GlobalSection(SolutionConfigurationPlatforms) = preSolution
		Debug|Any CPU = Debug|Any CPU
		Release|Any CPU = Release|Any CPU
	EndGlobalSection
	GlobalSection(ProjectConfigurationPlatforms) = postSolution
		{8D8268E3-5B1D-4815-8257-37299628630C}.Debug|Any CPU.ActiveCfg = Debug|Any CPU
		{8D8268E3-5B1D-4815-8257-37299628630C}.Debug|Any CPU.Build.0 = Debug|Any CPU
		{8D8268E3-5B1D-4815-8257-37299628630C}.Release|Any CPU.ActiveCfg = Release|Any CPU
		{8D8268E3-5B1D-4815-8257-37299628630C}.Release|Any CPU.Build.0 = Release|Any CPU
	EndGlobalSection
	GlobalSection(SolutionProperties) = preSolution
		HideSolutionNode = FALSE
	EndGlobalSection
	GlobalSection(ExtensibilityGlobals) = postSolution
		SolutionGuid = {52916186-390D-4A93-9D61-87A3B040718E}
	EndGlobalSection
EndGlobal
